
Microsoft Visual Studio Solution File, Format Version 12.00
# Visual Studio Version 16
VisualStudioVersion = 16.0.30503.244
MinimumVisualStudioVersion = 10.0.40219.1
Project("{9A19103F-16F7-4668-BE54-9A1E7A4F7556}") = "MISA.DemoAPI", "MISA.DemoAPI\MISA.DemoAPI.csproj", "{AABB086A-8966-4DA3-A8B8-B7E6EC6BD6C2}"
EndProject
Project("{FAE04EC0-301F-11D3-BF4B-00C04F79EFBC}") = "MISA.DataAccessLayer", "MISA.DataAccessLayer\MISA.DataAccessLayer.csproj", "{173512CE-9BA1-4A1F-BD61-EF8059EC64E1}"
EndProject
Project("{FAE04EC0-301F-11D3-BF4B-00C04F79EFBC}") = "MISA.BusinessLayer", "MISA.ServiceLayer\MISA.BusinessLayer.csproj", "{B08739CE-339B-4DDE-9E7D-F69EE2EE7DF2}"
EndProject
Project("{FAE04EC0-301F-11D3-BF4B-00C04F79EFBC}") = "MISA.Common", "MISA.Common\MISA.Common.csproj", "{280F4297-8631-4E89-9BBD-5343C3ABD7E7}"
EndProject
Global
	GlobalSection(SolutionConfigurationPlatforms) = preSolution
		Debug|Any CPU = Debug|Any CPU
		Release|Any CPU = Release|Any CPU
	EndGlobalSection
	GlobalSection(ProjectConfigurationPlatforms) = postSolution
		{AABB086A-8966-4DA3-A8B8-B7E6EC6BD6C2}.Debug|Any CPU.ActiveCfg = Debug|Any CPU
		{AABB086A-8966-4DA3-A8B8-B7E6EC6BD6C2}.Debug|Any CPU.Build.0 = Debug|Any CPU
		{AABB086A-8966-4DA3-A8B8-B7E6EC6BD6C2}.Release|Any CPU.ActiveCfg = Release|Any CPU
		{AABB086A-8966-4DA3-A8B8-B7E6EC6BD6C2}.Release|Any CPU.Build.0 = Release|Any CPU
		{173512CE-9BA1-4A1F-BD61-EF8059EC64E1}.Debug|Any CPU.ActiveCfg = Debug|Any CPU
		{173512CE-9BA1-4A1F-BD61-EF8059EC64E1}.Debug|Any CPU.Build.0 = Debug|Any CPU
		{173512CE-9BA1-4A1F-BD61-EF8059EC64E1}.Release|Any CPU.ActiveCfg = Release|Any CPU
		{173512CE-9BA1-4A1F-BD61-EF8059EC64E1}.Release|Any CPU.Build.0 = Release|Any CPU
		{B08739CE-339B-4DDE-9E7D-F69EE2EE7DF2}.Debug|Any CPU.ActiveCfg = Debug|Any CPU
		{B08739CE-339B-4DDE-9E7D-F69EE2EE7DF2}.Debug|Any CPU.Build.0 = Debug|Any CPU
		{B08739CE-339B-4DDE-9E7D-F69EE2EE7DF2}.Release|Any CPU.ActiveCfg = Release|Any CPU
		{B08739CE-339B-4DDE-9E7D-F69EE2EE7DF2}.Release|Any CPU.Build.0 = Release|Any CPU
		{280F4297-8631-4E89-9BBD-5343C3ABD7E7}.Debug|Any CPU.ActiveCfg = Debug|Any CPU
		{280F4297-8631-4E89-9BBD-5343C3ABD7E7}.Debug|Any CPU.Build.0 = Debug|Any CPU
		{280F4297-8631-4E89-9BBD-5343C3ABD7E7}.Release|Any CPU.ActiveCfg = Release|Any CPU
		{280F4297-8631-4E89-9BBD-5343C3ABD7E7}.Release|Any CPU.Build.0 = Release|Any CPU
	EndGlobalSection
	GlobalSection(SolutionProperties) = preSolution
		HideSolutionNode = FALSE
	EndGlobalSection
	GlobalSection(ExtensibilityGlobals) = postSolution
		SolutionGuid = {8627285F-E8C9-4C3E-B0D1-0D94C1F23F70}
	EndGlobalSection
EndGlobal
